{
  "name": "ts-project",
  "version": "1.0.0",
  "lockfileVersion": 2,
  "requires": true,
  "packages": {
    "": {
      "name": "ts-project",
      "version": "1.0.0",
      "license": "ISC",
      "workspaces": [
        "app",
        "lib-main",
        "lib-shared"
      ],
      "dependencies": {
        "typescript": "^4.9.5"
      },
      "devDependencies": {}
    },
    "app": {
      "name": "@ts-test/app",
      "version": "1.0.0",
      "license": "ISC",
      "devDependencies": {}
    },
    "lib-main": {
      "name": "@ts-test/lib-main",
      "version": "1.0.0",
      "license": "ISC",
      "devDependencies": {}
    },
    "lib-shared": {
      "name": "@ts-test/lib-shared",
      "version": "1.0.0",
      "license": "ISC",
      "devDependencies": {}
    },
    "node_modules/@ts-test/app": {
      "resolved": "app",
      "link": true
    },
    "node_modules/@ts-test/lib-main": {
      "resolved": "lib-main",
      "link": true
    },
    "node_modules/@ts-test/lib-shared": {
      "resolved": "lib-shared",
      "link": true
    },
    "node_modules/typescript": {
      "version": "4.9.5",
      "resolved": "https://registry.npmjs.org/typescript/-/typescript-4.9.5.tgz",
      "integrity": "sha512-1FXk9E2Hm+QzZQ7z+McJiHL4NW1F2EzMu9Nq9i3zAaGqibafqYwCVU6WyWAuyQRRzOlxou8xZSyXLEN8oKj24g==",
      "bin": {
        "tsc": "bin/tsc",
        "tsserver": "bin/tsserver"
      },
      "engines": {
        "node": ">=4.2.0"
      }
    }
  },
  "dependencies": {
    "@ts-test/app": {
      "version": "file:app"
    },
    "@ts-test/lib-main": {
      "version": "file:lib-main"
    },
    "@ts-test/lib-shared": {
      "version": "file:lib-shared"
    },
    "typescript": {
      "version": "4.9.5",
      "resolved": "https://registry.npmjs.org/typescript/-/typescript-4.9.5.tgz",
      "integrity": "sha512-1FXk9E2Hm+QzZQ7z+McJiHL4NW1F2EzMu9Nq9i3zAaGqibafqYwCVU6WyWAuyQRRzOlxou8xZSyXLEN8oKj24g=="
    }
  }
}
