{
  "name": "ts-project",
  "version": "1.0.0",
  "lockfileVersion": 2,
  "requires": true,
  "packages": {
    "": {
      "name": "ts-project",
      "version": "1.0.0",
      "license": "ISC",
      "workspaces": [
        "app",
        "packages/lib-main",
        "packages/lib-shared"
      ],
      "dependencies": {
        "typescript": "^4.9.5"
      },
      "devDependencies": {}
    },
    "app": {
      "name": "@ts-test/app",
      "version": "1.0.0",
      "license": "ISC",
      "bin": {
        "app": "dist/index.mjs"
      },
      "devDependencies": {
        "@types/node": "^18.14.0"
      }
    },
    "lib-main": {
      "name": "@ts-test/lib-main",
      "version": "1.0.0",
      "extraneous": true,
      "license": "ISC",
      "devDependencies": {
        "@types/node": "^18.14.0"
      }
    },
    "lib-shared": {
      "name": "@ts-test/lib-shared",
      "version": "1.0.0",
      "extraneous": true,
      "license": "ISC",
      "devDependencies": {
        "@types/node": "^18.14.0"
      }
    },
    "node_modules/@ts-test/app": {
      "resolved": "app",
      "link": true
    },
    "node_modules/@ts-test/lib-main": {
      "resolved": "packages/lib-main",
      "link": true
    },
    "node_modules/@ts-test/lib-shared": {
      "resolved": "packages/lib-shared",
      "link": true
    },
    "node_modules/@types/node": {
      "version": "18.14.0",
      "resolved": "https://registry.npmjs.org/@types/node/-/node-18.14.0.tgz",
      "integrity": "sha512-5EWrvLmglK+imbCJY0+INViFWUHg1AHel1sq4ZVSfdcNqGy9Edv3UB9IIzzg+xPaUcAgZYcfVs2fBcwDeZzU0A==",
      "dev": true
    },
    "node_modules/typescript": {
      "version": "4.9.5",
      "resolved": "https://registry.npmjs.org/typescript/-/typescript-4.9.5.tgz",
      "integrity": "sha512-1FXk9E2Hm+QzZQ7z+McJiHL4NW1F2EzMu9Nq9i3zAaGqibafqYwCVU6WyWAuyQRRzOlxou8xZSyXLEN8oKj24g==",
      "bin": {
        "tsc": "bin/tsc",
        "tsserver": "bin/tsserver"
      },
      "engines": {
        "node": ">=4.2.0"
      }
    },
    "packages/lib-main": {
      "version": "1.0.0",
      "license": "ISC",
      "devDependencies": {
        "@types/node": "^18.14.0"
      }
    },
    "packages/lib-shared": {
      "version": "1.0.0",
      "license": "ISC",
      "devDependencies": {
        "@types/node": "^18.14.0"
      }
    }
  },
  "dependencies": {
    "@ts-test/app": {
      "version": "file:app",
      "requires": {
        "@types/node": "^18.14.0"
      }
    },
    "@ts-test/lib-main": {
      "version": "file:packages/lib-main",
      "requires": {
        "@types/node": "^18.14.0"
      }
    },
    "@ts-test/lib-shared": {
      "version": "file:packages/lib-shared",
      "requires": {
        "@types/node": "^18.14.0"
      }
    },
    "@types/node": {
      "version": "18.14.0",
      "resolved": "https://registry.npmjs.org/@types/node/-/node-18.14.0.tgz",
      "integrity": "sha512-5EWrvLmglK+imbCJY0+INViFWUHg1AHel1sq4ZVSfdcNqGy9Edv3UB9IIzzg+xPaUcAgZYcfVs2fBcwDeZzU0A==",
      "dev": true
    },
    "typescript": {
      "version": "4.9.5",
      "resolved": "https://registry.npmjs.org/typescript/-/typescript-4.9.5.tgz",
      "integrity": "sha512-1FXk9E2Hm+QzZQ7z+McJiHL4NW1F2EzMu9Nq9i3zAaGqibafqYwCVU6WyWAuyQRRzOlxou8xZSyXLEN8oKj24g=="
    }
  }
}
